
Microsoft Visual Studio Solution File, Format Version 12.00
# Visual Studio Version 17
VisualStudioVersion = 17.7.34031.279
MinimumVisualStudioVersion = 10.0.40219.1
Project("{FAE04EC0-301F-11D3-BF4B-00C04F79EFBC}") = "MedicinManagement", "MedicinManagement\MedicinManagement.csproj", "{D5D86080-1256-4E02-9DC1-883D7CEA1119}"
EndProject
Global
	GlobalSection(SolutionConfigurationPlatforms) = preSolution
		Debug|Any CPU = Debug|Any CPU
		Release|Any CPU = Release|Any CPU
	EndGlobalSection
	GlobalSection(ProjectConfigurationPlatforms) = postSolution
		{D5D86080-1256-4E02-9DC1-883D7CEA1119}.Debug|Any CPU.ActiveCfg = Debug|Any CPU
		{D5D86080-1256-4E02-9DC1-883D7CEA1119}.Debug|Any CPU.Build.0 = Debug|Any CPU
		{D5D86080-1256-4E02-9DC1-883D7CEA1119}.Release|Any CPU.ActiveCfg = Release|Any CPU
		{D5D86080-1256-4E02-9DC1-883D7CEA1119}.Release|Any CPU.Build.0 = Release|Any CPU
	EndGlobalSection
	GlobalSection(SolutionProperties) = preSolution
		HideSolutionNode = FALSE
	EndGlobalSection
	GlobalSection(ExtensibilityGlobals) = postSolution
		SolutionGuid = {5C190307-3A81-4EB0-B1B9-D2D437290134}
	EndGlobalSection
EndGlobal
